
Microsoft Visual Studio Solution File, Format Version 12.00
# Visual Studio Version 16
VisualStudioVersion = 16.0.29613.14
MinimumVisualStudioVersion = 10.0.40219.1
Project("{FAE04EC0-301F-11D3-BF4B-00C04F79EFBC}") = "SandboxPipelineTestA", "SandboxPipelineTestA\SandboxPipelineTestA.csproj", "{C5CA24BF-AAA4-4E8E-9C53-8DE9127DEA26}"
EndProject
Global
	GlobalSection(SolutionConfigurationPlatforms) = preSolution
		Debug|Any CPU = Debug|Any CPU
		Release|Any CPU = Release|Any CPU
	EndGlobalSection
	GlobalSection(ProjectConfigurationPlatforms) = postSolution
		{C5CA24BF-AAA4-4E8E-9C53-8DE9127DEA26}.Debug|Any CPU.ActiveCfg = Debug|Any CPU
		{C5CA24BF-AAA4-4E8E-9C53-8DE9127DEA26}.Debug|Any CPU.Build.0 = Debug|Any CPU
		{C5CA24BF-AAA4-4E8E-9C53-8DE9127DEA26}.Release|Any CPU.ActiveCfg = Release|Any CPU
		{C5CA24BF-AAA4-4E8E-9C53-8DE9127DEA26}.Release|Any CPU.Build.0 = Release|Any CPU
	EndGlobalSection
	GlobalSection(SolutionProperties) = preSolution
		HideSolutionNode = FALSE
	EndGlobalSection
	GlobalSection(ExtensibilityGlobals) = postSolution
		SolutionGuid = {5346A886-FD03-410E-8472-74EA5DC78CFD}
	EndGlobalSection
EndGlobal
